
Microsoft Visual Studio Solution File, Format Version 12.00
# Visual Studio 15
VisualStudioVersion = 15.0.27428.2015
MinimumVisualStudioVersion = 10.0.40219.1
Project("{F2A71F9B-5D33-465A-A702-920D77279786}") = "KafkaTest", "KafkaTest\KafkaTest.fsproj", "{3B50E8D3-774D-46A7-8DC0-CC5078084E95}"
EndProject
Global
	GlobalSection(SolutionConfigurationPlatforms) = preSolution
		Debug|Any CPU = Debug|Any CPU
		Release|Any CPU = Release|Any CPU
	EndGlobalSection
	GlobalSection(ProjectConfigurationPlatforms) = postSolution
		{3B50E8D3-774D-46A7-8DC0-CC5078084E95}.Debug|Any CPU.ActiveCfg = Debug|Any CPU
		{3B50E8D3-774D-46A7-8DC0-CC5078084E95}.Debug|Any CPU.Build.0 = Debug|Any CPU
		{3B50E8D3-774D-46A7-8DC0-CC5078084E95}.Release|Any CPU.ActiveCfg = Release|Any CPU
		{3B50E8D3-774D-46A7-8DC0-CC5078084E95}.Release|Any CPU.Build.0 = Release|Any CPU
	EndGlobalSection
	GlobalSection(SolutionProperties) = preSolution
		HideSolutionNode = FALSE
	EndGlobalSection
	GlobalSection(ExtensibilityGlobals) = postSolution
		SolutionGuid = {53FC0CD2-6116-44B6-B2A5-322288A43411}
	EndGlobalSection
EndGlobal
